{
  "note": "FROZEN contract files (M1). Change only via docs/design/contract-requests/ + orchestrator checkpoint; then run: node tools/check-frozen.mjs --update",
  "files": {
    "apps/client/src/i18n/index.ts": "63d37492399758c7d54724e53e8a3e04c8528f9d1d2b0a8e1e99983c409dcd97",
    "apps/client/src/meta/save.ts": "10952ee3c43492b0d8dfee5ac8a9fc34c24b910742e6cbd8f8f3386bcae299a7",
    "apps/client/src/ui/store/hud.ts": "224a7dc7fbf4e269218723f14852b3489a207ce77172d065c9e0baa43e74d4de",
    "apps/client/src/ui/store/route.ts": "4832a966851dd52c7d230a27206da65cb85a1d88f947cd901607df2e4f959837",
    "packages/content/src/ids.ts": "05c188a33832264992b1646937a06c3ff60baefa35713b225d7a69f84f4a9d84",
    "packages/content/src/registry.ts": "1edb3d945e57627190a5d0825f4f7689567eac8a1cd405880c3b5ab1f6ba8e27",
    "packages/net/src/transport.ts": "92e715df4fcabfe0bd552c2e525a500d3888380d92b6d4fe5310aae2e1b14faa",
    "packages/sim/src/api.ts": "b927326b55ddf4e7b7a4824b93d8d3c2866d195a99c38261addbcb5a0c715478",
    "packages/sim/src/core/events.ts": "fc2d5952abffa4ce064350ecdfafe48c7d23339fd3341aa3a347c1143030fa21",
    "packages/sim/src/core/hash.ts": "5dd0dcc270d8af1de3ceea2af0b499ccfb5902c9b66b434cb0e7820fa3452873",
    "packages/sim/src/core/input.ts": "08e7a4ee15e1443a374a78e694b118bcb0867f57157ea671ef77e6823a220437",
    "packages/sim/src/core/quant.ts": "19b53690a3f807b9a72fc69183fd5e27e7e484c0287ed2ff847e39b871a06dc8",
    "packages/sim/src/core/state.ts": "61940377425c6ce8497100c2846d132befd6216ac9a1c1273ed15e21f4a5a124",
    "packages/sim/src/core/units.ts": "e13a713019939a559c03e1af571d95e9f8ba00e9b04e26beb47845b782d2eb76",
    "packages/sim/src/core/world.ts": "adf8572c98b87695ba5130c32ce70f30c8cb92908847179ce9012b35a6b465ca",
    "packages/sim/src/step.ts": "917ce29f5900a16954a76d7e1094de326a28315f772f05a616fddc08a383fbda",
    "packages/sim/src/track/container.ts": "4f6c2d82a42ad7aecc6d55766c5bf9fafcd3b9d629ac4e78ee94d9cc974c4090",
    "packages/sim/src/track/format.ts": "bb30abd586b5e7c1c1d918e72f23395c9354eb7db488a702db236f53f4a67d40",
    "packages/sim/src/track/trihash.ts": "ed15a52c8c575bbb037a9ee826b1118d55e0e5f5ad558331d26498a58ee710d8"
  }
}
